
Microsoft Visual Studio Solution File, Format Version 12.00
# Visual Studio Version 17
VisualStudioVersion = 17.13.35825.156 d17.13
MinimumVisualStudioVersion = 10.0.40219.1
Project("{FAE04EC0-301F-11D3-BF4B-00C04F79EFBC}") = "Public_AllInOneManager", "Public_AllInOneManager.csproj", "{5C3D7CDD-9C33-4B10-A9E9-6D3B7597B51D}"
EndProject
Global
	GlobalSection(SolutionConfigurationPlatforms) = preSolution
		Debug|Any CPU = Debug|Any CPU
		Release|Any CPU = Release|Any CPU
	EndGlobalSection
	GlobalSection(ProjectConfigurationPlatforms) = postSolution
		{5C3D7CDD-9C33-4B10-A9E9-6D3B7597B51D}.Debug|Any CPU.ActiveCfg = Debug|Any CPU
		{5C3D7CDD-9C33-4B10-A9E9-6D3B7597B51D}.Debug|Any CPU.Build.0 = Debug|Any CPU
		{5C3D7CDD-9C33-4B10-A9E9-6D3B7597B51D}.Release|Any CPU.ActiveCfg = Release|Any CPU
		{5C3D7CDD-9C33-4B10-A9E9-6D3B7597B51D}.Release|Any CPU.Build.0 = Release|Any CPU
	EndGlobalSection
	GlobalSection(SolutionProperties) = preSolution
		HideSolutionNode = FALSE
	EndGlobalSection
	GlobalSection(ExtensibilityGlobals) = postSolution
		SolutionGuid = {FFB9A265-8968-4FE6-BADA-A72424A2EE37}
	EndGlobalSection
EndGlobal
